// !$*UTF8*$!
{
	archiveVersion = 1;
	classes = {
	};
	objectVersion = 50;
	objects = {

/* Begin PBXBuildFile section */
		3FDEFF53249A0D460019A861 /* AppDelegate.swift in Sources */ = {isa = PBXBuildFile; fileRef = 3FDEFF52249A0D460019A861 /* AppDelegate.swift */; };
		3FDEFF56249A0D460019A861 /* WethreAppv2.xcdatamodeld in Sources */ = {isa = PBXBuildFile; fileRef = 3FDEFF54249A0D460019A861 /* WethreAppv2.xcdatamodeld */; };
		3FDEFF58249A0D460019A861 /* MasterViewController.swift in Sources */ = {isa = PBXBuildFile; fileRef = 3FDEFF57249A0D460019A861 /* MasterViewController.swift */; };
		3FDEFF5A249A0D460019A861 /* DetailViewController.swift in Sources */ = {isa = PBXBuildFile; fileRef = 3FDEFF59249A0D460019A861 /* DetailViewController.swift */; };
		3FDEFF5D249A0D460019A861 /* Main.storyboard in Resources */ = {isa = PBXBuildFile; fileRef = 3FDEFF5B249A0D460019A861 /* Main.storyboard */; };
		3FDEFF5F249A0D4E0019A861 /* Assets.xcassets in Resources */ = {isa = PBXBuildFile; fileRef = 3FDEFF5E249A0D4E0019A861 /* Assets.xcassets */; };
		3FDEFF62249A0D4E0019A861 /* LaunchScreen.storyboard in Resources */ = {isa = PBXBuildFile; fileRef = 3FDEFF60249A0D4E0019A861 /* LaunchScreen.storyboard */; };
/* End PBXBuildFile section */

/* Begin PBXFileReference section */
		3FDEFF4F249A0D450019A861 /* WethreAppv2.app */ = {isa = PBXFileReference; explicitFileType = wrapper.application; includeInIndex = 0; path = WethreAppv2.app; sourceTree = BUILT_PRODUCTS_DIR; };
		3FDEFF52249A0D460019A861 /* AppDelegate.swift */ = {isa = PBXFileReference; lastKnownFileType = sourcecode.swift; path = AppDelegate.swift; sourceTree = "<group>"; };
		3FDEFF55249A0D460019A861 /* WethreAppv2.xcdatamodel */ = {isa = PBXFileReference; lastKnownFileType = wrapper.xcdatamodel; path = WethreAppv2.xcdatamodel; sourceTree = "<group>"; };
		3FDEFF57249A0D460019A861 /* MasterViewController.swift */ = {isa = PBXFileReference; lastKnownFileType = sourcecode.swift; path = MasterViewController.swift; sourceTree = "<group>"; };
		3FDEFF59249A0D460019A861 /* DetailViewController.swift */ = {isa = PBXFileReference; lastKnownFileType = sourcecode.swift; path = DetailViewController.swift; sourceTree = "<group>"; };
		3FDEFF5C249A0D460019A861 /* Base */ = {isa = PBXFileReference; lastKnownFileType = file.storyboard; name = Base; path = Base.lproj/Main.storyboard; sourceTree = "<group>"; };
		3FDEFF5E249A0D4E0019A861 /* Assets.xcassets */ = {isa = PBXFileReference; lastKnownFileType = folder.assetcatalog; path = Assets.xcassets; sourceTree = "<group>"; };
		3FDEFF61249A0D4E0019A861 /* Base */ = {isa = PBXFileReference; lastKnownFileType = file.storyboard; name = Base; path = Base.lproj/LaunchScreen.storyboard; sourceTree = "<group>"; };
		3FDEFF63249A0D4E0019A861 /* Info.plist */ = {isa = PBXFileReference; lastKnownFileType = text.plist.xml; path = Info.plist; sourceTree = "<group>"; };
/* End PBXFileReference section */

/* Begin PBXFrameworksBuildPhase section */
		3FDEFF4C249A0D450019A861 /* Frameworks */ = {
			isa = PBXFrameworksBuildPhase;
			buildActionMask = 2147483647;
			files = (
			);
			runOnlyForDeploymentPostprocessing = 0;
		};
/* End PBXFrameworksBuildPhase section */

/* Begin PBXGroup section */
		3FDEFF46249A0D450019A861 = {
			isa = PBXGroup;
			children = (
				3FDEFF51249A0D450019A861 /* WethreAppv2 */,
				3FDEFF50249A0D450019A861 /* Products */,
			);
			sourceTree = "<group>";
		};
		3FDEFF50249A0D450019A861 /* Products */ = {
			isa = PBXGroup;
			children = (
				3FDEFF4F249A0D450019A861 /* WethreAppv2.app */,
			);
			name = Products;
			sourceTree = "<group>";
		};
		3FDEFF51249A0D450019A861 /* WethreAppv2 */ = {
			isa = PBXGroup;
			children = (
				3FDEFF52249A0D460019A861 /* AppDelegate.swift */,
				3FDEFF57249A0D460019A861 /* MasterViewController.swift */,
				3FDEFF59249A0D460019A861 /* DetailViewController.swift */,
				3FDEFF5B249A0D460019A861 /* Main.storyboard */,
				3FDEFF5E249A0D4E0019A861 /* Assets.xcassets */,
				3FDEFF60249A0D4E0019A861 /* LaunchScreen.storyboard */,
				3FDEFF63249A0D4E0019A861 /* Info.plist */,
				3FDEFF54249A0D460019A861 /* WethreAppv2.xcdatamodeld */,
			);
			path = WethreAppv2;
			sourceTree = "<group>";
		};
/* End PBXGroup section */

/* Begin PBXNativeTarget section */
		3FDEFF4E249A0D450019A861 /* WethreAppv2 */ = {
			isa = PBXNativeTarget;
			buildConfigurationList = 3FDEFF66249A0D4E0019A861 /* Build configuration list for PBXNativeTarget "WethreAppv2" */;
			buildPhases = (
				3FDEFF4B249A0D450019A861 /* Sources */,
				3FDEFF4C249A0D450019A861 /* Frameworks */,
				3FDEFF4D249A0D450019A861 /* Resources */,
			);
			buildRules = (
			);
			dependencies = (
			);
			name = WethreAppv2;
			productName = WethreAppv2;
			productReference = 3FDEFF4F249A0D450019A861 /* WethreAppv2.app */;
			productType = "com.apple.product-type.application";
		};
/* End PBXNativeTarget section */

/* Begin PBXProject section */
		3FDEFF47249A0D450019A861 /* Project object */ = {
			isa = PBXProject;
			attributes = {
				LastSwiftUpdateCheck = 1010;
				LastUpgradeCheck = 1010;
				ORGANIZATIONNAME = ZuzannaSmiech;
				TargetAttributes = {
					3FDEFF4E249A0D450019A861 = {
						CreatedOnToolsVersion = 10.1;
					};
				};
			};
			buildConfigurationList = 3FDEFF4A249A0D450019A861 /* Build configuration list for PBXProject "WethreAppv2" */;
			compatibilityVersion = "Xcode 9.3";
			developmentRegion = en;
			hasScannedForEncodings = 0;
			knownRegions = (
				en,
				Base,
			);
			mainGroup = 3FDEFF46249A0D450019A861;
			productRefGroup = 3FDEFF50249A0D450019A861 /* Products */;
			projectDirPath = "";
			projectRoot = "";
			targets = (
				3FDEFF4E249A0D450019A861 /* WethreAppv2 */,
			);
		};
/* End PBXProject section */

/* Begin PBXResourcesBuildPhase section */
		3FDEFF4D249A0D450019A861 /* Resources */ = {
			isa = PBXResourcesBuildPhase;
			buildActionMask = 2147483647;
			files = (
				3FDEFF62249A0D4E0019A861 /* LaunchScreen.storyboard in Resources */,
				3FDEFF5F249A0D4E0019A861 /* Assets.xcassets in Resources */,
				3FDEFF5D249A0D460019A861 /* Main.storyboard in Resources */,
			);
			runOnlyForDeploymentPostprocessing = 0;
		};
/* End PBXResourcesBuildPhase section */

/* Begin PBXSourcesBuildPhase section */
		3FDEFF4B249A0D450019A861 /* Sources */ = {
			isa = PBXSourcesBuildPhase;
			buildActionMask = 2147483647;
			files = (
				3FDEFF56249A0D460019A861 /* WethreAppv2.xcdatamodeld in Sources */,
				3FDEFF53249A0D460019A861 /* AppDelegate.swift in Sources */,
				3FDEFF58249A0D460019A861 /* MasterViewController.swift in Sources */,
				3FDEFF5A249A0D460019A861 /* DetailViewController.swift in Sources */,
			);
			runOnlyForDeploymentPostprocessing = 0;
		};
/* End PBXSourcesBuildPhase section */

/* Begin PBXVariantGroup section */
		3FDEFF5B249A0D460019A861 /* Main.storyboard */ = {
			isa = PBXVariantGroup;
			children = (
				3FDEFF5C249A0D460019A861 /* Base */,
			);
			name = Main.storyboard;
			sourceTree = "<group>";
		};
		3FDEFF60249A0D4E0019A861 /* LaunchScreen.storyboard */ = {
			isa = PBXVariantGroup;
			children = (
				3FDEFF61249A0D4E0019A861 /* Base */,
			);
			name = LaunchScreen.storyboard;
			sourceTree = "<group>";
		};
/* End PBXVariantGroup section */

/* Begin XCBuildConfiguration section */
		3FDEFF64249A0D4E0019A861 /* Debug */ = {
			isa = XCBuildConfiguration;
			buildSettings = {
				ALWAYS_SEARCH_USER_PATHS = NO;
				CLANG_ANALYZER_NONNULL = YES;
				CLANG_ANALYZER_NUMBER_OBJECT_CONVERSION = YES_AGGRESSIVE;
				CLANG_CXX_LANGUAGE_STANDARD = "gnu++14";
				CLANG_CXX_LIBRARY = "libc++";
				CLANG_ENABLE_MODULES = YES;
				CLANG_ENABLE_OBJC_ARC = YES;
				CLANG_ENABLE_OBJC_WEAK = YES;
				CLANG_WARN_BLOCK_CAPTURE_AUTORELEASING = YES;
				CLANG_WARN_BOOL_CONVERSION = YES;
				CLANG_WARN_COMMA = YES;
				CLANG_WARN_CONSTANT_CONVERSION = YES;
				CLANG_WARN_DEPRECATED_OBJC_IMPLEMENTATIONS = YES;
				CLANG_WARN_DIRECT_OBJC_ISA_USAGE = YES_ERROR;
				CLANG_WARN_DOCUMENTATION_COMMENTS = YES;
				CLANG_WARN_EMPTY_BODY = YES;
				CLANG_WARN_ENUM_CONVERSION = YES;
				CLANG_WARN_INFINITE_RECURSION = YES;
				CLANG_WARN_INT_CONVERSION = YES;
				CLANG_WARN_NON_LITERAL_NULL_CONVERSION = YES;
				CLANG_WARN_OBJC_IMPLICIT_RETAIN_SELF = YES;
				CLANG_WARN_OBJC_LITERAL_CONVERSION = YES;
				CLANG_WARN_OBJC_ROOT_CLASS = YES_ERROR;
				CLANG_WARN_RANGE_LOOP_ANALYSIS = YES;
				CLANG_WARN_STRICT_PROTOTYPES = YES;
				CLANG_WARN_SUSPICIOUS_MOVE = YES;
				CLANG_WARN_UNGUARDED_AVAILABILITY = YES_AGGRESSIVE;
				CLANG_WARN_UNREACHABLE_CODE = YES;
				CLANG_WARN__DUPLICATE_METHOD_MATCH = YES;
				CODE_SIGN_IDENTITY = "iPhone Developer";
				COPY_PHASE_STRIP = NO;
				DEBUG_INFORMATION_FORMAT = dwarf;
				ENABLE_STRICT_OBJC_MSGSEND = YES;
				ENABLE_TESTABILITY = YES;
				GCC_C_LANGUAGE_STANDARD = gnu11;
				GCC_DYNAMIC_NO_PIC = NO;
				GCC_NO_COMMON_BLOCKS = YES;
				GCC_OPTIMIZATION_LEVEL = 0;
				GCC_PREPROCESSOR_DEFINITIONS = (
					"DEBUG=1",
					"$(inherited)",
				);
				GCC_WARN_64_TO_32_BIT_CONVERSION = YES;
				GCC_WARN_ABOUT_RETURN_TYPE = YES_ERROR;
				GCC_WARN_UNDECLARED_SELECTOR = YES;
				GCC_WARN_UNINITIALIZED_AUTOS = YES_AGGRESSIVE;
				GCC_WARN_UNUSED_FUNCTION = YES;
				GCC_WARN_UNUSED_VARIABLE = YES;
				IPHONEOS_DEPLOYMENT_TARGET = 12.1;
				MTL_ENABLE_DEBUG_INFO = INCLUDE_SOURCE;
				MTL_FAST_MATH = YES;
				ONLY_ACTIVE_ARCH = YES;
				SDKROOT = iphoneos;
				SWIFT_ACTIVE_COMPILATION_CONDITIONS = DEBUG;
				SWIFT_OPTIMIZATION_LEVEL = "-Onone";
			};
			name = Debug;
		};
		3FDEFF65249A0D4E0019A861 /* Release */ = {
			isa = XCBuildConfiguration;
			buildSettings = {
				ALWAYS_SEARCH_USER_PATHS = NO;
				CLANG_ANALYZER_NONNULL = YES;
				CLANG_ANALYZER_NUMBER_OBJECT_CONVERSION = YES_AGGRESSIVE;
				CLANG_CXX_LANGUAGE_STANDARD = "gnu++14";
				CLANG_CXX_LIBRARY = "libc++";
				CLANG_ENABLE_MODULES = YES;
				CLANG_ENABLE_OBJC_ARC = YES;
				CLANG_ENABLE_OBJC_WEAK = YES;
				CLANG_WARN_BLOCK_CAPTURE_AUTORELEASING = YES;
				CLANG_WARN_BOOL_CONVERSION = YES;
				CLANG_WARN_COMMA = YES;
				CLANG_WARN_CONSTANT_CONVERSION = YES;
				CLANG_WARN_DEPRECATED_OBJC_IMPLEMENTATIONS = YES;
				CLANG_WARN_DIRECT_OBJC_ISA_USAGE = YES_ERROR;
				CLANG_WARN_DOCUMENTATION_COMMENTS = YES;
				CLANG_WARN_EMPTY_BODY = YES;
				CLANG_WARN_ENUM_CONVERSION = YES;
				CLANG_WARN_INFINITE_RECURSION = YES;
				CLANG_WARN_INT_CONVERSION = YES;
				CLANG_WARN_NON_LITERAL_NULL_CONVERSION = YES;
				CLANG_WARN_OBJC_IMPLICIT_RETAIN_SELF = YES;
				CLANG_WARN_OBJC_LITERAL_CONVERSION = YES;
				CLANG_WARN_OBJC_ROOT_CLASS = YES_ERROR;
				CLANG_WARN_RANGE_LOOP_ANALYSIS = YES;
				CLANG_WARN_STRICT_PROTOTYPES = YES;
				CLANG_WARN_SUSPICIOUS_MOVE = YES;
				CLANG_WARN_UNGUARDED_AVAILABILITY = YES_AGGRESSIVE;
				CLANG_WARN_UNREACHABLE_CODE = YES;
				CLANG_WARN__DUPLICATE_METHOD_MATCH = YES;
				CODE_SIGN_IDENTITY = "iPhone Developer";
				COPY_PHASE_STRIP = NO;
				DEBUG_INFORMATION_FORMAT = "dwarf-with-dsym";
				ENABLE_NS_ASSERTIONS = NO;
				ENABLE_STRICT_OBJC_MSGSEND = YES;
				GCC_C_LANGUAGE_STANDARD = gnu11;
				GCC_NO_COMMON_BLOCKS = YES;
				GCC_WARN_64_TO_32_BIT_CONVERSION = YES;
				GCC_WARN_ABOUT_RETURN_TYPE = YES_ERROR;
				GCC_WARN_UNDECLARED_SELECTOR = YES;
				GCC_WARN_UNINITIALIZED_AUTOS = YES_AGGRESSIVE;
				GCC_WARN_UNUSED_FUNCTION = YES;
				GCC_WARN_UNUSED_VARIABLE = YES;
				IPHONEOS_DEPLOYMENT_TARGET = 12.1;
				MTL_ENABLE_DEBUG_INFO = NO;
				MTL_FAST_MATH = YES;
				SDKROOT = iphoneos;
				SWIFT_COMPILATION_MODE = wholemodule;
				SWIFT_OPTIMIZATION_LEVEL = "-O";
				VALIDATE_PRODUCT = YES;
			};
			name = Release;
		};
		3FDEFF67249A0D4E0019A861 /* Debug */ = {
			isa = XCBuildConfiguration;
			buildSettings = {
				ASSETCATALOG_COMPILER_APPICON_NAME = AppIcon;
				CODE_SIGN_STYLE = Automatic;
				INFOPLIST_FILE = WethreAppv2/Info.plist;
				LD_RUNPATH_SEARCH_PATHS = (
					"$(inherited)",
					"@executable_path/Frameworks",
				);
				PRODUCT_BUNDLE_IDENTIFIER = agh.eaiib.WethreAppv2;
				PRODUCT_NAME = "$(TARGET_NAME)";
				SWIFT_VERSION = 4.2;
				TARGETED_DEVICE_FAMILY = "1,2";
			};
			name = Debug;
		};
		3FDEFF68249A0D4E0019A861 /* Release */ = {
			isa = XCBuildConfiguration;
			buildSettings = {
				ASSETCATALOG_COMPILER_APPICON_NAME = AppIcon;
				CODE_SIGN_STYLE = Automatic;
				INFOPLIST_FILE = WethreAppv2/Info.plist;
				LD_RUNPATH_SEARCH_PATHS = (
					"$(inherited)",
					"@executable_path/Frameworks",
				);
				PRODUCT_BUNDLE_IDENTIFIER = agh.eaiib.WethreAppv2;
				PRODUCT_NAME = "$(TARGET_NAME)";
				SWIFT_VERSION = 4.2;
				TARGETED_DEVICE_FAMILY = "1,2";
			};
			name = Release;
		};
/* End XCBuildConfiguration section */

/* Begin XCConfigurationList section */
		3FDEFF4A249A0D450019A861 /* Build configuration list for PBXProject "WethreAppv2" */ = {
			isa = XCConfigurationList;
			buildConfigurations = (
				3FDEFF64249A0D4E0019A861 /* Debug */,
				3FDEFF65249A0D4E0019A861 /* Release */,
			);
			defaultConfigurationIsVisible = 0;
			defaultConfigurationName = Release;
		};
		3FDEFF66249A0D4E0019A861 /* Build configuration list for PBXNativeTarget "WethreAppv2" */ = {
			isa = XCConfigurationList;
			buildConfigurations = (
				3FDEFF67249A0D4E0019A861 /* Debug */,
				3FDEFF68249A0D4E0019A861 /* Release */,
			);
			defaultConfigurationIsVisible = 0;
			defaultConfigurationName = Release;
		};
/* End XCConfigurationList section */

/* Begin XCVersionGroup section */
		3FDEFF54249A0D460019A861 /* WethreAppv2.xcdatamodeld */ = {
			isa = XCVersionGroup;
			children = (
				3FDEFF55249A0D460019A861 /* WethreAppv2.xcdatamodel */,
			);
			currentVersion = 3FDEFF55249A0D460019A861 /* WethreAppv2.xcdatamodel */;
			path = WethreAppv2.xcdatamodeld;
			sourceTree = "<group>";
			versionGroupType = wrapper.xcdatamodel;
		};
/* End XCVersionGroup section */
	};
	rootObject = 3FDEFF47249A0D450019A861 /* Project object */;
}
